
Microsoft Visual Studio Solution File, Format Version 12.00
# Visual Studio Version 17
VisualStudioVersion = 17.0.31612.314
MinimumVisualStudioVersion = 10.0.40219.1
Project("{FAE04EC0-301F-11D3-BF4B-00C04F79EFBC}") = "TestApplication", "TestApplication\TestApplication.csproj", "{2A099EA6-306C-4C8F-BFE7-CEFDD70BD906}"
EndProject
Global
	GlobalSection(SolutionConfigurationPlatforms) = preSolution
		Debug|Any CPU = Debug|Any CPU
		Release|Any CPU = Release|Any CPU
	EndGlobalSection
	GlobalSection(ProjectConfigurationPlatforms) = postSolution
		{2A099EA6-306C-4C8F-BFE7-CEFDD70BD906}.Debug|Any CPU.ActiveCfg = Debug|Any CPU
		{2A099EA6-306C-4C8F-BFE7-CEFDD70BD906}.Debug|Any CPU.Build.0 = Debug|Any CPU
		{2A099EA6-306C-4C8F-BFE7-CEFDD70BD906}.Release|Any CPU.ActiveCfg = Release|Any CPU
		{2A099EA6-306C-4C8F-BFE7-CEFDD70BD906}.Release|Any CPU.Build.0 = Release|Any CPU
	EndGlobalSection
	GlobalSection(SolutionProperties) = preSolution
		HideSolutionNode = FALSE
	EndGlobalSection
	GlobalSection(ExtensibilityGlobals) = postSolution
		SolutionGuid = {C587D67E-77DB-4475-8855-83C18692DF63}
	EndGlobalSection
EndGlobal
